// !$*UTF8*$!
{
	archiveVersion = 1;
	classes = {
	};
	objectVersion = 50;
	objects = {

/* Begin PBXBuildFile section */
		B513634A2316AE6700DAA1F3 /* Install.sh in Resources */ = {isa = PBXBuildFile; fileRef = B51363492316AE6700DAA1F3 /* Install.sh */; };
		B5586F64230E9B9400C960A8 /* AppDelegate.swift in Sources */ = {isa = PBXBuildFile; fileRef = B5586F63230E9B9400C960A8 /* AppDelegate.swift */; };
		B5586F66230E9B9400C960A8 /* ViewController.swift in Sources */ = {isa = PBXBuildFile; fileRef = B5586F65230E9B9400C960A8 /* ViewController.swift */; };
		B5586F68230E9B9400C960A8 /* Assets.xcassets in Resources */ = {isa = PBXBuildFile; fileRef = B5586F67230E9B9400C960A8 /* Assets.xcassets */; };
		B5586F6B230E9B9400C960A8 /* Main.storyboard in Resources */ = {isa = PBXBuildFile; fileRef = B5586F69230E9B9400C960A8 /* Main.storyboard */; };
		B59C0CDB23104A0B005C3571 /* IntelPowerGadget.framework in Frameworks */ = {isa = PBXBuildFile; fileRef = B59C0CDA23104A0B005C3571 /* IntelPowerGadget.framework */; };
		B59C0CE123104DF2005C3571 /* measurements.c in Sources */ = {isa = PBXBuildFile; fileRef = B59C0CE023104DF2005C3571 /* measurements.c */; };
/* End PBXBuildFile section */

/* Begin PBXFileReference section */
		B51363492316AE6700DAA1F3 /* Install.sh */ = {isa = PBXFileReference; fileEncoding = 4; lastKnownFileType = text.script.sh; path = Install.sh; sourceTree = SOURCE_ROOT; };
		B5586F60230E9B9400C960A8 /* CpuSpeed.app */ = {isa = PBXFileReference; explicitFileType = wrapper.application; includeInIndex = 0; path = CpuSpeed.app; sourceTree = BUILT_PRODUCTS_DIR; };
		B5586F63230E9B9400C960A8 /* AppDelegate.swift */ = {isa = PBXFileReference; lastKnownFileType = sourcecode.swift; path = AppDelegate.swift; sourceTree = "<group>"; };
		B5586F65230E9B9400C960A8 /* ViewController.swift */ = {isa = PBXFileReference; lastKnownFileType = sourcecode.swift; path = ViewController.swift; sourceTree = "<group>"; };
		B5586F67230E9B9400C960A8 /* Assets.xcassets */ = {isa = PBXFileReference; lastKnownFileType = folder.assetcatalog; path = Assets.xcassets; sourceTree = "<group>"; };
		B5586F6A230E9B9400C960A8 /* Base */ = {isa = PBXFileReference; lastKnownFileType = file.storyboard; name = Base; path = Base.lproj/Main.storyboard; sourceTree = "<group>"; };
		B5586F6C230E9B9400C960A8 /* Info.plist */ = {isa = PBXFileReference; lastKnownFileType = text.plist.xml; path = Info.plist; sourceTree = "<group>"; };
		B5586F6D230E9B9400C960A8 /* CpuSpeed.entitlements */ = {isa = PBXFileReference; lastKnownFileType = text.plist.entitlements; path = CpuSpeed.entitlements; sourceTree = "<group>"; };
		B59C0CDA23104A0B005C3571 /* IntelPowerGadget.framework */ = {isa = PBXFileReference; lastKnownFileType = wrapper.framework; name = IntelPowerGadget.framework; path = ../../../Library/Frameworks/IntelPowerGadget.framework; sourceTree = "<group>"; };
		B59C0CDF23104DF2005C3571 /* measurements.h */ = {isa = PBXFileReference; lastKnownFileType = sourcecode.c.h; path = measurements.h; sourceTree = "<group>"; };
		B59C0CE023104DF2005C3571 /* measurements.c */ = {isa = PBXFileReference; lastKnownFileType = sourcecode.c.c; path = measurements.c; sourceTree = "<group>"; };
		B5D5504D230F171800D24106 /* CpuSpeed-Bridging-Header.h */ = {isa = PBXFileReference; lastKnownFileType = sourcecode.c.h; path = "CpuSpeed-Bridging-Header.h"; sourceTree = "<group>"; };
/* End PBXFileReference section */

/* Begin PBXFrameworksBuildPhase section */
		B5586F5D230E9B9400C960A8 /* Frameworks */ = {
			isa = PBXFrameworksBuildPhase;
			buildActionMask = 2147483647;
			files = (
				B59C0CDB23104A0B005C3571 /* IntelPowerGadget.framework in Frameworks */,
			);
			runOnlyForDeploymentPostprocessing = 0;
		};
/* End PBXFrameworksBuildPhase section */

/* Begin PBXGroup section */
		B5586F57230E9B9400C960A8 = {
			isa = PBXGroup;
			children = (
				B5586F62230E9B9400C960A8 /* CpuSpeed */,
				B5586F61230E9B9400C960A8 /* Products */,
				B59C0CD823104710005C3571 /* Frameworks */,
			);
			sourceTree = "<group>";
		};
		B5586F61230E9B9400C960A8 /* Products */ = {
			isa = PBXGroup;
			children = (
				B5586F60230E9B9400C960A8 /* CpuSpeed.app */,
			);
			name = Products;
			sourceTree = "<group>";
		};
		B5586F62230E9B9400C960A8 /* CpuSpeed */ = {
			isa = PBXGroup;
			children = (
				B51363492316AE6700DAA1F3 /* Install.sh */,
				B5586F63230E9B9400C960A8 /* AppDelegate.swift */,
				B5586F65230E9B9400C960A8 /* ViewController.swift */,
				B5586F67230E9B9400C960A8 /* Assets.xcassets */,
				B5586F69230E9B9400C960A8 /* Main.storyboard */,
				B5586F6C230E9B9400C960A8 /* Info.plist */,
				B5586F6D230E9B9400C960A8 /* CpuSpeed.entitlements */,
				B5D5504D230F171800D24106 /* CpuSpeed-Bridging-Header.h */,
				B59C0CDF23104DF2005C3571 /* measurements.h */,
				B59C0CE023104DF2005C3571 /* measurements.c */,
			);
			path = CpuSpeed;
			sourceTree = "<group>";
		};
		B59C0CD823104710005C3571 /* Frameworks */ = {
			isa = PBXGroup;
			children = (
				B59C0CDA23104A0B005C3571 /* IntelPowerGadget.framework */,
			);
			name = Frameworks;
			sourceTree = "<group>";
		};
/* End PBXGroup section */

/* Begin PBXNativeTarget section */
		B5586F5F230E9B9400C960A8 /* CpuSpeed */ = {
			isa = PBXNativeTarget;
			buildConfigurationList = B5586F70230E9B9400C960A8 /* Build configuration list for PBXNativeTarget "CpuSpeed" */;
			buildPhases = (
				B5586F5C230E9B9400C960A8 /* Sources */,
				B5586F5D230E9B9400C960A8 /* Frameworks */,
				B5586F5E230E9B9400C960A8 /* Resources */,
			);
			buildRules = (
			);
			dependencies = (
			);
			name = CpuSpeed;
			productName = CpuSpeed;
			productReference = B5586F60230E9B9400C960A8 /* CpuSpeed.app */;
			productType = "com.apple.product-type.application";
		};
/* End PBXNativeTarget section */

/* Begin PBXProject section */
		B5586F58230E9B9400C960A8 /* Project object */ = {
			isa = PBXProject;
			attributes = {
				LastSwiftUpdateCheck = 1030;
				LastUpgradeCheck = 1030;
				ORGANIZATIONNAME = "Fredrik Sellgren";
				TargetAttributes = {
					B5586F5F230E9B9400C960A8 = {
						CreatedOnToolsVersion = 10.3;
						LastSwiftMigration = 1030;
						SystemCapabilities = {
							com.apple.Sandbox = {
								enabled = 0;
							};
						};
					};
				};
			};
			buildConfigurationList = B5586F5B230E9B9400C960A8 /* Build configuration list for PBXProject "CpuSpeed" */;
			compatibilityVersion = "Xcode 9.3";
			developmentRegion = en;
			hasScannedForEncodings = 0;
			knownRegions = (
				en,
				Base,
			);
			mainGroup = B5586F57230E9B9400C960A8;
			productRefGroup = B5586F61230E9B9400C960A8 /* Products */;
			projectDirPath = "";
			projectRoot = "";
			targets = (
				B5586F5F230E9B9400C960A8 /* CpuSpeed */,
			);
		};
/* End PBXProject section */

/* Begin PBXResourcesBuildPhase section */
		B5586F5E230E9B9400C960A8 /* Resources */ = {
			isa = PBXResourcesBuildPhase;
			buildActionMask = 2147483647;
			files = (
				B5586F68230E9B9400C960A8 /* Assets.xcassets in Resources */,
				B513634A2316AE6700DAA1F3 /* Install.sh in Resources */,
				B5586F6B230E9B9400C960A8 /* Main.storyboard in Resources */,
			);
			runOnlyForDeploymentPostprocessing = 0;
		};
/* End PBXResourcesBuildPhase section */

/* Begin PBXSourcesBuildPhase section */
		B5586F5C230E9B9400C960A8 /* Sources */ = {
			isa = PBXSourcesBuildPhase;
			buildActionMask = 2147483647;
			files = (
				B5586F66230E9B9400C960A8 /* ViewController.swift in Sources */,
				B59C0CE123104DF2005C3571 /* measurements.c in Sources */,
				B5586F64230E9B9400C960A8 /* AppDelegate.swift in Sources */,
			);
			runOnlyForDeploymentPostprocessing = 0;
		};
/* End PBXSourcesBuildPhase section */

/* Begin PBXVariantGroup section */
		B5586F69230E9B9400C960A8 /* Main.storyboard */ = {
			isa = PBXVariantGroup;
			children = (
				B5586F6A230E9B9400C960A8 /* Base */,
			);
			name = Main.storyboard;
			sourceTree = "<group>";
		};
/* End PBXVariantGroup section */

/* Begin XCBuildConfiguration section */
		B5586F6E230E9B9400C960A8 /* Debug */ = {
			isa = XCBuildConfiguration;
			buildSettings = {
				ALWAYS_SEARCH_USER_PATHS = NO;
				CLANG_ANALYZER_NONNULL = YES;
				CLANG_ANALYZER_NUMBER_OBJECT_CONVERSION = YES_AGGRESSIVE;
				CLANG_CXX_LANGUAGE_STANDARD = "gnu++14";
				CLANG_CXX_LIBRARY = "libc++";
				CLANG_ENABLE_MODULES = YES;
				CLANG_ENABLE_OBJC_ARC = YES;
				CLANG_ENABLE_OBJC_WEAK = YES;
				CLANG_WARN_BLOCK_CAPTURE_AUTORELEASING = YES;
				CLANG_WARN_BOOL_CONVERSION = YES;
				CLANG_WARN_COMMA = YES;
				CLANG_WARN_CONSTANT_CONVERSION = YES;
				CLANG_WARN_DEPRECATED_OBJC_IMPLEMENTATIONS = YES;
				CLANG_WARN_DIRECT_OBJC_ISA_USAGE = YES_ERROR;
				CLANG_WARN_DOCUMENTATION_COMMENTS = YES;
				CLANG_WARN_EMPTY_BODY = YES;
				CLANG_WARN_ENUM_CONVERSION = YES;
				CLANG_WARN_INFINITE_RECURSION = YES;
				CLANG_WARN_INT_CONVERSION = YES;
				CLANG_WARN_NON_LITERAL_NULL_CONVERSION = YES;
				CLANG_WARN_OBJC_IMPLICIT_RETAIN_SELF = YES;
				CLANG_WARN_OBJC_LITERAL_CONVERSION = YES;
				CLANG_WARN_OBJC_ROOT_CLASS = YES_ERROR;
				CLANG_WARN_RANGE_LOOP_ANALYSIS = YES;
				CLANG_WARN_STRICT_PROTOTYPES = YES;
				CLANG_WARN_SUSPICIOUS_MOVE = YES;
				CLANG_WARN_UNGUARDED_AVAILABILITY = YES_AGGRESSIVE;
				CLANG_WARN_UNREACHABLE_CODE = YES;
				CLANG_WARN__DUPLICATE_METHOD_MATCH = YES;
				CODE_SIGN_IDENTITY = "-";
				COPY_PHASE_STRIP = NO;
				DEBUG_INFORMATION_FORMAT = dwarf;
				ENABLE_STRICT_OBJC_MSGSEND = YES;
				ENABLE_TESTABILITY = YES;
				GCC_C_LANGUAGE_STANDARD = gnu11;
				GCC_DYNAMIC_NO_PIC = NO;
				GCC_NO_COMMON_BLOCKS = YES;
				GCC_OPTIMIZATION_LEVEL = 0;
				GCC_PREPROCESSOR_DEFINITIONS = (
					"DEBUG=1",
					"$(inherited)",
				);
				GCC_WARN_64_TO_32_BIT_CONVERSION = YES;
				GCC_WARN_ABOUT_RETURN_TYPE = YES_ERROR;
				GCC_WARN_UNDECLARED_SELECTOR = YES;
				GCC_WARN_UNINITIALIZED_AUTOS = YES_AGGRESSIVE;
				GCC_WARN_UNUSED_FUNCTION = YES;
				GCC_WARN_UNUSED_VARIABLE = YES;
				MACOSX_DEPLOYMENT_TARGET = 10.14;
				MTL_ENABLE_DEBUG_INFO = INCLUDE_SOURCE;
				MTL_FAST_MATH = YES;
				ONLY_ACTIVE_ARCH = YES;
				SDKROOT = macosx;
				SWIFT_ACTIVE_COMPILATION_CONDITIONS = DEBUG;
				SWIFT_OPTIMIZATION_LEVEL = "-Onone";
			};
			name = Debug;
		};
		B5586F6F230E9B9400C960A8 /* Release */ = {
			isa = XCBuildConfiguration;
			buildSettings = {
				ALWAYS_SEARCH_USER_PATHS = NO;
				CLANG_ANALYZER_NONNULL = YES;
				CLANG_ANALYZER_NUMBER_OBJECT_CONVERSION = YES_AGGRESSIVE;
				CLANG_CXX_LANGUAGE_STANDARD = "gnu++14";
				CLANG_CXX_LIBRARY = "libc++";
				CLANG_ENABLE_MODULES = YES;
				CLANG_ENABLE_OBJC_ARC = YES;
				CLANG_ENABLE_OBJC_WEAK = YES;
				CLANG_WARN_BLOCK_CAPTURE_AUTORELEASING = YES;
				CLANG_WARN_BOOL_CONVERSION = YES;
				CLANG_WARN_COMMA = YES;
				CLANG_WARN_CONSTANT_CONVERSION = YES;
				CLANG_WARN_DEPRECATED_OBJC_IMPLEMENTATIONS = YES;
				CLANG_WARN_DIRECT_OBJC_ISA_USAGE = YES_ERROR;
				CLANG_WARN_DOCUMENTATION_COMMENTS = YES;
				CLANG_WARN_EMPTY_BODY = YES;
				CLANG_WARN_ENUM_CONVERSION = YES;
				CLANG_WARN_INFINITE_RECURSION = YES;
				CLANG_WARN_INT_CONVERSION = YES;
				CLANG_WARN_NON_LITERAL_NULL_CONVERSION = YES;
				CLANG_WARN_OBJC_IMPLICIT_RETAIN_SELF = YES;
				CLANG_WARN_OBJC_LITERAL_CONVERSION = YES;
				CLANG_WARN_OBJC_ROOT_CLASS = YES_ERROR;
				CLANG_WARN_RANGE_LOOP_ANALYSIS = YES;
				CLANG_WARN_STRICT_PROTOTYPES = YES;
				CLANG_WARN_SUSPICIOUS_MOVE = YES;
				CLANG_WARN_UNGUARDED_AVAILABILITY = YES_AGGRESSIVE;
				CLANG_WARN_UNREACHABLE_CODE = YES;
				CLANG_WARN__DUPLICATE_METHOD_MATCH = YES;
				CODE_SIGN_IDENTITY = "-";
				COPY_PHASE_STRIP = NO;
				DEBUG_INFORMATION_FORMAT = "dwarf-with-dsym";
				ENABLE_NS_ASSERTIONS = NO;
				ENABLE_STRICT_OBJC_MSGSEND = YES;
				GCC_C_LANGUAGE_STANDARD = gnu11;
				GCC_NO_COMMON_BLOCKS = YES;
				GCC_WARN_64_TO_32_BIT_CONVERSION = YES;
				GCC_WARN_ABOUT_RETURN_TYPE = YES_ERROR;
				GCC_WARN_UNDECLARED_SELECTOR = YES;
				GCC_WARN_UNINITIALIZED_AUTOS = YES_AGGRESSIVE;
				GCC_WARN_UNUSED_FUNCTION = YES;
				GCC_WARN_UNUSED_VARIABLE = YES;
				MACOSX_DEPLOYMENT_TARGET = 10.14;
				MTL_ENABLE_DEBUG_INFO = NO;
				MTL_FAST_MATH = YES;
				SDKROOT = macosx;
				SWIFT_COMPILATION_MODE = wholemodule;
				SWIFT_OPTIMIZATION_LEVEL = "-O";
			};
			name = Release;
		};
		B5586F71230E9B9400C960A8 /* Debug */ = {
			isa = XCBuildConfiguration;
			buildSettings = {
				ASSETCATALOG_COMPILER_APPICON_NAME = AppIcon;
				CLANG_ENABLE_MODULES = YES;
				CODE_SIGN_STYLE = Automatic;
				COMBINE_HIDPI_IMAGES = YES;
				FRAMEWORK_SEARCH_PATHS = (
					"$(inherited)",
					"$(LOCAL_LIBRARY_DIR)/Frameworks",
				);
				INFOPLIST_FILE = CpuSpeed/Info.plist;
				LD_RUNPATH_SEARCH_PATHS = (
					"$(inherited)",
					"@executable_path/../Frameworks",
				);
				OTHER_LDFLAGS = (
					"-ObjC",
					"-all_load",
				);
				PRODUCT_BUNDLE_IDENTIFIER = Frse1700.CpuSpeed;
				PRODUCT_NAME = "$(TARGET_NAME)";
				SWIFT_OBJC_BRIDGING_HEADER = "CpuSpeed/CpuSpeed-Bridging-Header.h";
				SWIFT_OPTIMIZATION_LEVEL = "-Onone";
				SWIFT_VERSION = 5.0;
				USER_HEADER_SEARCH_PATHS = (
					"/Users/fredriksellgren/Downloads/PowerGadgetAPIExample-2",
					"/**",
				);
			};
			name = Debug;
		};
		B5586F72230E9B9400C960A8 /* Release */ = {
			isa = XCBuildConfiguration;
			buildSettings = {
				ASSETCATALOG_COMPILER_APPICON_NAME = AppIcon;
				CLANG_ENABLE_MODULES = YES;
				CODE_SIGN_STYLE = Automatic;
				COMBINE_HIDPI_IMAGES = YES;
				FRAMEWORK_SEARCH_PATHS = (
					"$(inherited)",
					"$(LOCAL_LIBRARY_DIR)/Frameworks",
				);
				INFOPLIST_FILE = CpuSpeed/Info.plist;
				LD_RUNPATH_SEARCH_PATHS = (
					"$(inherited)",
					"@executable_path/../Frameworks",
				);
				OTHER_LDFLAGS = (
					"-ObjC",
					"-all_load",
				);
				PRODUCT_BUNDLE_IDENTIFIER = Frse1700.CpuSpeed;
				PRODUCT_NAME = "$(TARGET_NAME)";
				SWIFT_OBJC_BRIDGING_HEADER = "CpuSpeed/CpuSpeed-Bridging-Header.h";
				SWIFT_VERSION = 5.0;
				USER_HEADER_SEARCH_PATHS = (
					"/Users/fredriksellgren/Downloads/PowerGadgetAPIExample-2",
					"/**",
				);
			};
			name = Release;
		};
/* End XCBuildConfiguration section */

/* Begin XCConfigurationList section */
		B5586F5B230E9B9400C960A8 /* Build configuration list for PBXProject "CpuSpeed" */ = {
			isa = XCConfigurationList;
			buildConfigurations = (
				B5586F6E230E9B9400C960A8 /* Debug */,
				B5586F6F230E9B9400C960A8 /* Release */,
			);
			defaultConfigurationIsVisible = 0;
			defaultConfigurationName = Release;
		};
		B5586F70230E9B9400C960A8 /* Build configuration list for PBXNativeTarget "CpuSpeed" */ = {
			isa = XCConfigurationList;
			buildConfigurations = (
				B5586F71230E9B9400C960A8 /* Debug */,
				B5586F72230E9B9400C960A8 /* Release */,
			);
			defaultConfigurationIsVisible = 0;
			defaultConfigurationName = Release;
		};
/* End XCConfigurationList section */
	};
	rootObject = B5586F58230E9B9400C960A8 /* Project object */;
}
